
Microsoft Visual Studio Solution File, Format Version 12.00
# Visual Studio Version 17
VisualStudioVersion = 17.5.002.0
MinimumVisualStudioVersion = 10.0.40219.1
Project("{9A19103F-16F7-4668-BE54-9A1E7A4F7556}") = "sk-minimal-api", "sk-minimal-api.csproj", "{C41F3385-99DB-4FAC-BA42-8EFC1AF5B395}"
EndProject
Global
	GlobalSection(SolutionConfigurationPlatforms) = preSolution
		Debug|Any CPU = Debug|Any CPU
		Release|Any CPU = Release|Any CPU
	EndGlobalSection
	GlobalSection(ProjectConfigurationPlatforms) = postSolution
		{C41F3385-99DB-4FAC-BA42-8EFC1AF5B395}.Debug|Any CPU.ActiveCfg = Debug|Any CPU
		{C41F3385-99DB-4FAC-BA42-8EFC1AF5B395}.Debug|Any CPU.Build.0 = Debug|Any CPU
		{C41F3385-99DB-4FAC-BA42-8EFC1AF5B395}.Release|Any CPU.ActiveCfg = Release|Any CPU
		{C41F3385-99DB-4FAC-BA42-8EFC1AF5B395}.Release|Any CPU.Build.0 = Release|Any CPU
	EndGlobalSection
	GlobalSection(SolutionProperties) = preSolution
		HideSolutionNode = FALSE
	EndGlobalSection
	GlobalSection(ExtensibilityGlobals) = postSolution
		SolutionGuid = {8E278811-1E64-43C5-94E6-08378D02AB80}
	EndGlobalSection
EndGlobal
